
Microsoft Visual Studio Solution File, Format Version 12.00
# Visual Studio Version 17
VisualStudioVersion = 17.14.36203.30 d17.14
MinimumVisualStudioVersion = 10.0.40219.1
Project("{FAE04EC0-301F-11D3-BF4B-00C04F79EFBC}") = "RevitMCPBridge", "RevitMCPBridge\RevitMCPBridge.csproj", "{4D640187-BF06-4B36-ADD4-523F1988ABF9}"
EndProject
Global
	GlobalSection(SolutionConfigurationPlatforms) = preSolution
		Debug|Any CPU = Debug|Any CPU
		Debug|x64 = Debug|x64
		Release|Any CPU = Release|Any CPU
		Release|x64 = Release|x64
	EndGlobalSection
	GlobalSection(ProjectConfigurationPlatforms) = postSolution
		{4D640187-BF06-4B36-ADD4-523F1988ABF9}.Debug|Any CPU.ActiveCfg = Debug|Any CPU
		{4D640187-BF06-4B36-ADD4-523F1988ABF9}.Debug|Any CPU.Build.0 = Debug|Any CPU
		{4D640187-BF06-4B36-ADD4-523F1988ABF9}.Debug|x64.ActiveCfg = Debug|x64
		{4D640187-BF06-4B36-ADD4-523F1988ABF9}.Debug|x64.Build.0 = Debug|x64
		{4D640187-BF06-4B36-ADD4-523F1988ABF9}.Release|Any CPU.ActiveCfg = Release|Any CPU
		{4D640187-BF06-4B36-ADD4-523F1988ABF9}.Release|Any CPU.Build.0 = Release|Any CPU
		{4D640187-BF06-4B36-ADD4-523F1988ABF9}.Release|x64.ActiveCfg = Release|x64
		{4D640187-BF06-4B36-ADD4-523F1988ABF9}.Release|x64.Build.0 = Release|x64
	EndGlobalSection
	GlobalSection(SolutionProperties) = preSolution
		HideSolutionNode = FALSE
	EndGlobalSection
	GlobalSection(ExtensibilityGlobals) = postSolution
		SolutionGuid = {2A388553-814C-4EFF-A17D-FE18DE9425B2}
	EndGlobalSection
EndGlobal
